// !$*UTF8*$!
{
	archiveVersion = 1;
	classes = {
	};
	objectVersion = 55;
	objects = {

/* Begin PBXBuildFile section */
		A90900722805643E00089CCA /* Const.swift in Sources */ = {isa = PBXBuildFile; fileRef = A90900712805643E00089CCA /* Const.swift */; };
		A9090074280564FD00089CCA /* Login.storyboard in Resources */ = {isa = PBXBuildFile; fileRef = A9090073280564FD00089CCA /* Login.storyboard */; };
		A90900762805667A00089CCA /* Main.storyboard in Resources */ = {isa = PBXBuildFile; fileRef = A90900752805667A00089CCA /* Main.storyboard */; };
		A90900782805668600089CCA /* SignupName.storyboard in Resources */ = {isa = PBXBuildFile; fileRef = A90900772805668600089CCA /* SignupName.storyboard */; };
		A909007A2805669300089CCA /* Success.storyboard in Resources */ = {isa = PBXBuildFile; fileRef = A90900792805669300089CCA /* Success.storyboard */; };
		A909007C280566C900089CCA /* SignupPassword.storyboard in Resources */ = {isa = PBXBuildFile; fileRef = A909007B280566C900089CCA /* SignupPassword.storyboard */; };
		A909007E280595C200089CCA /* Storyboard.swift in Sources */ = {isa = PBXBuildFile; fileRef = A909007D280595C200089CCA /* Storyboard.swift */; };
		A9090080280595CA00089CCA /* ViewController.swift in Sources */ = {isa = PBXBuildFile; fileRef = A909007F280595CA00089CCA /* ViewController.swift */; };
		A90900AD280AC5BA00089CCA /* TabBar.storyboard in Resources */ = {isa = PBXBuildFile; fileRef = A90900AC280AC5BA00089CCA /* TabBar.storyboard */; };
		A90900B4280AC64600089CCA /* Home.storyboard in Resources */ = {isa = PBXBuildFile; fileRef = A90900B3280AC64600089CCA /* Home.storyboard */; };
		A90900B6280AC69A00089CCA /* Search.storyboard in Resources */ = {isa = PBXBuildFile; fileRef = A90900B5280AC69A00089CCA /* Search.storyboard */; };
		A90900B8280AC6A000089CCA /* Reels.storyboard in Resources */ = {isa = PBXBuildFile; fileRef = A90900B7280AC6A000089CCA /* Reels.storyboard */; };
		A90900BA280AC6A700089CCA /* Shop.storyboard in Resources */ = {isa = PBXBuildFile; fileRef = A90900B9280AC6A700089CCA /* Shop.storyboard */; };
		A90900BC280AC6AC00089CCA /* Profile.storyboard in Resources */ = {isa = PBXBuildFile; fileRef = A90900BB280AC6AC00089CCA /* Profile.storyboard */; };
		A90900BE280AC6C500089CCA /* HomeViewController.swift in Sources */ = {isa = PBXBuildFile; fileRef = A90900BD280AC6C500089CCA /* HomeViewController.swift */; };
		A90900C0280AC6CC00089CCA /* SearchViewController.swift in Sources */ = {isa = PBXBuildFile; fileRef = A90900BF280AC6CC00089CCA /* SearchViewController.swift */; };
		A90900C2280AC6D200089CCA /* ReelsViewController.swift in Sources */ = {isa = PBXBuildFile; fileRef = A90900C1280AC6D200089CCA /* ReelsViewController.swift */; };
		A90900C4280AC6D700089CCA /* ShopViewController.swift in Sources */ = {isa = PBXBuildFile; fileRef = A90900C3280AC6D700089CCA /* ShopViewController.swift */; };
		A90900C6280AC6DD00089CCA /* ProfileViewController.swift in Sources */ = {isa = PBXBuildFile; fileRef = A90900C5280AC6DD00089CCA /* ProfileViewController.swift */; };
		A90900C8280ACD8B00089CCA /* TabBarController.swift in Sources */ = {isa = PBXBuildFile; fileRef = A90900C7280ACD8B00089CCA /* TabBarController.swift */; };
		A90900CA280AEF8600089CCA /* Icon.swift in Sources */ = {isa = PBXBuildFile; fileRef = A90900C9280AEF8600089CCA /* Icon.swift */; };
		A90900CE280AFB2B00089CCA /* ViewController++.swift in Sources */ = {isa = PBXBuildFile; fileRef = A90900CD280AFB2B00089CCA /* ViewController++.swift */; };
		A932743B27FFE175001B0EDB /* AppDelegate.swift in Sources */ = {isa = PBXBuildFile; fileRef = A932743A27FFE175001B0EDB /* AppDelegate.swift */; };
		A932743D27FFE175001B0EDB /* SceneDelegate.swift in Sources */ = {isa = PBXBuildFile; fileRef = A932743C27FFE175001B0EDB /* SceneDelegate.swift */; };
		A932743F27FFE175001B0EDB /* LoginViewController.swift in Sources */ = {isa = PBXBuildFile; fileRef = A932743E27FFE175001B0EDB /* LoginViewController.swift */; };
		A932744427FFE176001B0EDB /* Assets.xcassets in Resources */ = {isa = PBXBuildFile; fileRef = A932744327FFE176001B0EDB /* Assets.xcassets */; };
		A932744727FFE176001B0EDB /* LaunchScreen.storyboard in Resources */ = {isa = PBXBuildFile; fileRef = A932744527FFE176001B0EDB /* LaunchScreen.storyboard */; };
		A932745527FFFB0C001B0EDB /* SignupNameViewController.swift in Sources */ = {isa = PBXBuildFile; fileRef = A932745427FFFB0C001B0EDB /* SignupNameViewController.swift */; };
		A932745727FFFB1D001B0EDB /* SignupPasswordViewController.swift in Sources */ = {isa = PBXBuildFile; fileRef = A932745627FFFB1D001B0EDB /* SignupPasswordViewController.swift */; };
		A932745927FFFB27001B0EDB /* SuccessViewController.swift in Sources */ = {isa = PBXBuildFile; fileRef = A932745827FFFB27001B0EDB /* SuccessViewController.swift */; };
		A97D303D2817882800C1D7D0 /* Image.swift in Sources */ = {isa = PBXBuildFile; fileRef = A97D303C2817882800C1D7D0 /* Image.swift */; };
		A97D304D2817EAA900C1D7D0 /* StoryDataModel.swift in Sources */ = {isa = PBXBuildFile; fileRef = A97D304C2817EAA900C1D7D0 /* StoryDataModel.swift */; };
		A97D30502817EAC000C1D7D0 /* FeedDataModel.swift in Sources */ = {isa = PBXBuildFile; fileRef = A97D304F2817EAC000C1D7D0 /* FeedDataModel.swift */; };
		A97D30542817EEBA00C1D7D0 /* FeedTableViewCell.swift in Sources */ = {isa = PBXBuildFile; fileRef = A97D30522817EEBA00C1D7D0 /* FeedTableViewCell.swift */; };
		A97D30552817EEBA00C1D7D0 /* FeedTableViewCell.xib in Resources */ = {isa = PBXBuildFile; fileRef = A97D30532817EEBA00C1D7D0 /* FeedTableViewCell.xib */; };
		A97D30582817EED200C1D7D0 /* StoryCollectionViewCell.swift in Sources */ = {isa = PBXBuildFile; fileRef = A97D30562817EED100C1D7D0 /* StoryCollectionViewCell.swift */; };
		A97D30592817EED200C1D7D0 /* StoryCollectionViewCell.xib in Resources */ = {isa = PBXBuildFile; fileRef = A97D30572817EED100C1D7D0 /* StoryCollectionViewCell.xib */; };
/* End PBXBuildFile section */

/* Begin PBXFileReference section */
		A90900712805643E00089CCA /* Const.swift */ = {isa = PBXFileReference; lastKnownFileType = sourcecode.swift; path = Const.swift; sourceTree = "<group>"; };
		A9090073280564FD00089CCA /* Login.storyboard */ = {isa = PBXFileReference; lastKnownFileType = file.storyboard; path = Login.storyboard; sourceTree = "<group>"; };
		A90900752805667A00089CCA /* Main.storyboard */ = {isa = PBXFileReference; lastKnownFileType = file.storyboard; path = Main.storyboard; sourceTree = "<group>"; };
		A90900772805668600089CCA /* SignupName.storyboard */ = {isa = PBXFileReference; lastKnownFileType = file.storyboard; path = SignupName.storyboard; sourceTree = "<group>"; };
		A90900792805669300089CCA /* Success.storyboard */ = {isa = PBXFileReference; lastKnownFileType = file.storyboard; path = Success.storyboard; sourceTree = "<group>"; };
		A909007B280566C900089CCA /* SignupPassword.storyboard */ = {isa = PBXFileReference; lastKnownFileType = file.storyboard; path = SignupPassword.storyboard; sourceTree = "<group>"; };
		A909007D280595C200089CCA /* Storyboard.swift */ = {isa = PBXFileReference; lastKnownFileType = sourcecode.swift; path = Storyboard.swift; sourceTree = "<group>"; };
		A909007F280595CA00089CCA /* ViewController.swift */ = {isa = PBXFileReference; lastKnownFileType = sourcecode.swift; path = ViewController.swift; sourceTree = "<group>"; };
		A90900AC280AC5BA00089CCA /* TabBar.storyboard */ = {isa = PBXFileReference; lastKnownFileType = file.storyboard; path = TabBar.storyboard; sourceTree = "<group>"; };
		A90900B3280AC64600089CCA /* Home.storyboard */ = {isa = PBXFileReference; lastKnownFileType = file.storyboard; path = Home.storyboard; sourceTree = "<group>"; };
		A90900B5280AC69A00089CCA /* Search.storyboard */ = {isa = PBXFileReference; lastKnownFileType = file.storyboard; path = Search.storyboard; sourceTree = "<group>"; };
		A90900B7280AC6A000089CCA /* Reels.storyboard */ = {isa = PBXFileReference; lastKnownFileType = file.storyboard; path = Reels.storyboard; sourceTree = "<group>"; };
		A90900B9280AC6A700089CCA /* Shop.storyboard */ = {isa = PBXFileReference; lastKnownFileType = file.storyboard; path = Shop.storyboard; sourceTree = "<group>"; };
		A90900BB280AC6AC00089CCA /* Profile.storyboard */ = {isa = PBXFileReference; lastKnownFileType = file.storyboard; path = Profile.storyboard; sourceTree = "<group>"; };
		A90900BD280AC6C500089CCA /* HomeViewController.swift */ = {isa = PBXFileReference; lastKnownFileType = sourcecode.swift; path = HomeViewController.swift; sourceTree = "<group>"; };
		A90900BF280AC6CC00089CCA /* SearchViewController.swift */ = {isa = PBXFileReference; lastKnownFileType = sourcecode.swift; path = SearchViewController.swift; sourceTree = "<group>"; };
		A90900C1280AC6D200089CCA /* ReelsViewController.swift */ = {isa = PBXFileReference; lastKnownFileType = sourcecode.swift; path = ReelsViewController.swift; sourceTree = "<group>"; };
		A90900C3280AC6D700089CCA /* ShopViewController.swift */ = {isa = PBXFileReference; lastKnownFileType = sourcecode.swift; path = ShopViewController.swift; sourceTree = "<group>"; };
		A90900C5280AC6DD00089CCA /* ProfileViewController.swift */ = {isa = PBXFileReference; lastKnownFileType = sourcecode.swift; path = ProfileViewController.swift; sourceTree = "<group>"; };
		A90900C7280ACD8B00089CCA /* TabBarController.swift */ = {isa = PBXFileReference; lastKnownFileType = sourcecode.swift; path = TabBarController.swift; sourceTree = "<group>"; };
		A90900C9280AEF8600089CCA /* Icon.swift */ = {isa = PBXFileReference; lastKnownFileType = sourcecode.swift; path = Icon.swift; sourceTree = "<group>"; };
		A90900CD280AFB2B00089CCA /* ViewController++.swift */ = {isa = PBXFileReference; lastKnownFileType = sourcecode.swift; path = "ViewController++.swift"; sourceTree = "<group>"; };
		A932743727FFE175001B0EDB /* Instagram.app */ = {isa = PBXFileReference; explicitFileType = wrapper.application; includeInIndex = 0; path = Instagram.app; sourceTree = BUILT_PRODUCTS_DIR; };
		A932743A27FFE175001B0EDB /* AppDelegate.swift */ = {isa = PBXFileReference; lastKnownFileType = sourcecode.swift; path = AppDelegate.swift; sourceTree = "<group>"; };
		A932743C27FFE175001B0EDB /* SceneDelegate.swift */ = {isa = PBXFileReference; lastKnownFileType = sourcecode.swift; path = SceneDelegate.swift; sourceTree = "<group>"; };
		A932743E27FFE175001B0EDB /* LoginViewController.swift */ = {isa = PBXFileReference; lastKnownFileType = sourcecode.swift; path = LoginViewController.swift; sourceTree = "<group>"; };
		A932744327FFE176001B0EDB /* Assets.xcassets */ = {isa = PBXFileReference; lastKnownFileType = folder.assetcatalog; path = Assets.xcassets; sourceTree = "<group>"; };
		A932744627FFE176001B0EDB /* Base */ = {isa = PBXFileReference; lastKnownFileType = file.storyboard; name = Base; path = Base.lproj/LaunchScreen.storyboard; sourceTree = "<group>"; };
		A932744827FFE176001B0EDB /* Info.plist */ = {isa = PBXFileReference; lastKnownFileType = text.plist.xml; path = Info.plist; sourceTree = "<group>"; };
		A932745427FFFB0C001B0EDB /* SignupNameViewController.swift */ = {isa = PBXFileReference; lastKnownFileType = sourcecode.swift; path = SignupNameViewController.swift; sourceTree = "<group>"; };
		A932745627FFFB1D001B0EDB /* SignupPasswordViewController.swift */ = {isa = PBXFileReference; lastKnownFileType = sourcecode.swift; path = SignupPasswordViewController.swift; sourceTree = "<group>"; };
		A932745827FFFB27001B0EDB /* SuccessViewController.swift */ = {isa = PBXFileReference; lastKnownFileType = sourcecode.swift; path = SuccessViewController.swift; sourceTree = "<group>"; };
		A97D303C2817882800C1D7D0 /* Image.swift */ = {isa = PBXFileReference; lastKnownFileType = sourcecode.swift; path = Image.swift; sourceTree = "<group>"; };
		A97D304C2817EAA900C1D7D0 /* StoryDataModel.swift */ = {isa = PBXFileReference; lastKnownFileType = sourcecode.swift; path = StoryDataModel.swift; sourceTree = "<group>"; };
		A97D304F2817EAC000C1D7D0 /* FeedDataModel.swift */ = {isa = PBXFileReference; lastKnownFileType = sourcecode.swift; path = FeedDataModel.swift; sourceTree = "<group>"; };
		A97D30522817EEBA00C1D7D0 /* FeedTableViewCell.swift */ = {isa = PBXFileReference; lastKnownFileType = sourcecode.swift; path = FeedTableViewCell.swift; sourceTree = "<group>"; };
		A97D30532817EEBA00C1D7D0 /* FeedTableViewCell.xib */ = {isa = PBXFileReference; lastKnownFileType = file.xib; path = FeedTableViewCell.xib; sourceTree = "<group>"; };
		A97D30562817EED100C1D7D0 /* StoryCollectionViewCell.swift */ = {isa = PBXFileReference; lastKnownFileType = sourcecode.swift; path = StoryCollectionViewCell.swift; sourceTree = "<group>"; };
		A97D30572817EED100C1D7D0 /* StoryCollectionViewCell.xib */ = {isa = PBXFileReference; lastKnownFileType = file.xib; path = StoryCollectionViewCell.xib; sourceTree = "<group>"; };
/* End PBXFileReference section */

/* Begin PBXFrameworksBuildPhase section */
		A932743427FFE175001B0EDB /* Frameworks */ = {
			isa = PBXFrameworksBuildPhase;
			buildActionMask = 2147483647;
			files = (
			);
			runOnlyForDeploymentPostprocessing = 0;
		};
/* End PBXFrameworksBuildPhase section */

/* Begin PBXGroup section */
		A90900AB280AC5A700089CCA /* TabBar */ = {
			isa = PBXGroup;
			children = (
				A90900AC280AC5BA00089CCA /* TabBar.storyboard */,
				A90900C7280ACD8B00089CCA /* TabBarController.swift */,
			);
			path = TabBar;
			sourceTree = "<group>";
		};
		A90900AE280AC5F500089CCA /* Home */ = {
			isa = PBXGroup;
			children = (
				A97D304E2817EAB000C1D7D0 /* HomeDataModels */,
				A90900B3280AC64600089CCA /* Home.storyboard */,
				A90900BD280AC6C500089CCA /* HomeViewController.swift */,
				A97D30512817EE9D00C1D7D0 /* HomeCells */,
			);
			path = Home;
			sourceTree = "<group>";
		};
		A90900AF280AC5F700089CCA /* Reels */ = {
			isa = PBXGroup;
			children = (
				A90900B7280AC6A000089CCA /* Reels.storyboard */,
				A90900C1280AC6D200089CCA /* ReelsViewController.swift */,
			);
			path = Reels;
			sourceTree = "<group>";
		};
		A90900B0280AC60400089CCA /* Search */ = {
			isa = PBXGroup;
			children = (
				A90900B5280AC69A00089CCA /* Search.storyboard */,
				A90900BF280AC6CC00089CCA /* SearchViewController.swift */,
			);
			path = Search;
			sourceTree = "<group>";
		};
		A90900B1280AC60A00089CCA /* Shop */ = {
			isa = PBXGroup;
			children = (
				A90900B9280AC6A700089CCA /* Shop.storyboard */,
				A90900C3280AC6D700089CCA /* ShopViewController.swift */,
			);
			path = Shop;
			sourceTree = "<group>";
		};
		A90900B2280AC61200089CCA /* Profile */ = {
			isa = PBXGroup;
			children = (
				A90900BB280AC6AC00089CCA /* Profile.storyboard */,
				A90900C5280AC6DD00089CCA /* ProfileViewController.swift */,
			);
			path = Profile;
			sourceTree = "<group>";
		};
		A90900CB280AF17400089CCA /* Source */ = {
			isa = PBXGroup;
			children = (
				A90900AB280AC5A700089CCA /* TabBar */,
				A932745A2800042E001B0EDB /* Login */,
				A932745B2800043D001B0EDB /* Signup */,
				A932745D28011BB3001B0EDB /* Success */,
				A90900AE280AC5F500089CCA /* Home */,
				A90900B0280AC60400089CCA /* Search */,
				A90900AF280AC5F700089CCA /* Reels */,
				A90900B1280AC60A00089CCA /* Shop */,
				A90900B2280AC61200089CCA /* Profile */,
			);
			path = Source;
			sourceTree = "<group>";
		};
		A90900CC280AFB1900089CCA /* Extensions */ = {
			isa = PBXGroup;
			children = (
				A90900CD280AFB2B00089CCA /* ViewController++.swift */,
			);
			path = Extensions;
			sourceTree = "<group>";
		};
		A932742E27FFE175001B0EDB = {
			isa = PBXGroup;
			children = (
				A932743927FFE175001B0EDB /* Instagram */,
				A932743827FFE175001B0EDB /* Products */,
			);
			sourceTree = "<group>";
		};
		A932743827FFE175001B0EDB /* Products */ = {
			isa = PBXGroup;
			children = (
				A932743727FFE175001B0EDB /* Instagram.app */,
			);
			name = Products;
			sourceTree = "<group>";
		};
		A932743927FFE175001B0EDB /* Instagram */ = {
			isa = PBXGroup;
			children = (
				A932743A27FFE175001B0EDB /* AppDelegate.swift */,
				A932743C27FFE175001B0EDB /* SceneDelegate.swift */,
				A90900752805667A00089CCA /* Main.storyboard */,
				A93274AA28056384001B0EDB /* Constants */,
				A90900CC280AFB1900089CCA /* Extensions */,
				A90900CB280AF17400089CCA /* Source */,
				A932744327FFE176001B0EDB /* Assets.xcassets */,
				A932744527FFE176001B0EDB /* LaunchScreen.storyboard */,
				A932744827FFE176001B0EDB /* Info.plist */,
			);
			path = Instagram;
			sourceTree = "<group>";
		};
		A932745A2800042E001B0EDB /* Login */ = {
			isa = PBXGroup;
			children = (
				A9090073280564FD00089CCA /* Login.storyboard */,
				A932743E27FFE175001B0EDB /* LoginViewController.swift */,
			);
			path = Login;
			sourceTree = "<group>";
		};
		A932745B2800043D001B0EDB /* Signup */ = {
			isa = PBXGroup;
			children = (
				A90900772805668600089CCA /* SignupName.storyboard */,
				A932745427FFFB0C001B0EDB /* SignupNameViewController.swift */,
				A909007B280566C900089CCA /* SignupPassword.storyboard */,
				A932745627FFFB1D001B0EDB /* SignupPasswordViewController.swift */,
			);
			path = Signup;
			sourceTree = "<group>";
		};
		A932745D28011BB3001B0EDB /* Success */ = {
			isa = PBXGroup;
			children = (
				A90900792805669300089CCA /* Success.storyboard */,
				A932745827FFFB27001B0EDB /* SuccessViewController.swift */,
			);
			path = Success;
			sourceTree = "<group>";
		};
		A93274AA28056384001B0EDB /* Constants */ = {
			isa = PBXGroup;
			children = (
				A90900712805643E00089CCA /* Const.swift */,
				A909007D280595C200089CCA /* Storyboard.swift */,
				A909007F280595CA00089CCA /* ViewController.swift */,
				A90900C9280AEF8600089CCA /* Icon.swift */,
				A97D303C2817882800C1D7D0 /* Image.swift */,
			);
			path = Constants;
			sourceTree = "<group>";
		};
		A97D304E2817EAB000C1D7D0 /* HomeDataModels */ = {
			isa = PBXGroup;
			children = (
				A97D304C2817EAA900C1D7D0 /* StoryDataModel.swift */,
				A97D304F2817EAC000C1D7D0 /* FeedDataModel.swift */,
			);
			path = HomeDataModels;
			sourceTree = "<group>";
		};
		A97D30512817EE9D00C1D7D0 /* HomeCells */ = {
			isa = PBXGroup;
			children = (
				A97D305A2817EF8400C1D7D0 /* StoryCell */,
				A97D305B2817EF8A00C1D7D0 /* FeedCell */,
			);
			path = HomeCells;
			sourceTree = "<group>";
		};
		A97D305A2817EF8400C1D7D0 /* StoryCell */ = {
			isa = PBXGroup;
			children = (
				A97D30572817EED100C1D7D0 /* StoryCollectionViewCell.xib */,
				A97D30562817EED100C1D7D0 /* StoryCollectionViewCell.swift */,
			);
			path = StoryCell;
			sourceTree = "<group>";
		};
		A97D305B2817EF8A00C1D7D0 /* FeedCell */ = {
			isa = PBXGroup;
			children = (
				A97D30532817EEBA00C1D7D0 /* FeedTableViewCell.xib */,
				A97D30522817EEBA00C1D7D0 /* FeedTableViewCell.swift */,
			);
			path = FeedCell;
			sourceTree = "<group>";
		};
/* End PBXGroup section */

/* Begin PBXNativeTarget section */
		A932743627FFE175001B0EDB /* Instagram */ = {
			isa = PBXNativeTarget;
			buildConfigurationList = A932744B27FFE176001B0EDB /* Build configuration list for PBXNativeTarget "Instagram" */;
			buildPhases = (
				A932743327FFE175001B0EDB /* Sources */,
				A932743427FFE175001B0EDB /* Frameworks */,
				A932743527FFE175001B0EDB /* Resources */,
			);
			buildRules = (
			);
			dependencies = (
			);
			name = Instagram;
			productName = Instagram;
			productReference = A932743727FFE175001B0EDB /* Instagram.app */;
			productType = "com.apple.product-type.application";
		};
/* End PBXNativeTarget section */

/* Begin PBXProject section */
		A932742F27FFE175001B0EDB /* Project object */ = {
			isa = PBXProject;
			attributes = {
				BuildIndependentTargetsInParallel = 1;
				LastSwiftUpdateCheck = 1330;
				LastUpgradeCheck = 1330;
				TargetAttributes = {
					A932743627FFE175001B0EDB = {
						CreatedOnToolsVersion = 13.3;
					};
				};
			};
			buildConfigurationList = A932743227FFE175001B0EDB /* Build configuration list for PBXProject "Instagram" */;
			compatibilityVersion = "Xcode 13.0";
			developmentRegion = en;
			hasScannedForEncodings = 0;
			knownRegions = (
				en,
				Base,
			);
			mainGroup = A932742E27FFE175001B0EDB;
			productRefGroup = A932743827FFE175001B0EDB /* Products */;
			projectDirPath = "";
			projectRoot = "";
			targets = (
				A932743627FFE175001B0EDB /* Instagram */,
			);
		};
/* End PBXProject section */

/* Begin PBXResourcesBuildPhase section */
		A932743527FFE175001B0EDB /* Resources */ = {
			isa = PBXResourcesBuildPhase;
			buildActionMask = 2147483647;
			files = (
				A90900BA280AC6A700089CCA /* Shop.storyboard in Resources */,
				A97D30592817EED200C1D7D0 /* StoryCollectionViewCell.xib in Resources */,
				A9090074280564FD00089CCA /* Login.storyboard in Resources */,
				A932744727FFE176001B0EDB /* LaunchScreen.storyboard in Resources */,
				A909007A2805669300089CCA /* Success.storyboard in Resources */,
				A90900B4280AC64600089CCA /* Home.storyboard in Resources */,
				A90900BC280AC6AC00089CCA /* Profile.storyboard in Resources */,
				A90900B6280AC69A00089CCA /* Search.storyboard in Resources */,
				A932744427FFE176001B0EDB /* Assets.xcassets in Resources */,
				A90900B8280AC6A000089CCA /* Reels.storyboard in Resources */,
				A90900AD280AC5BA00089CCA /* TabBar.storyboard in Resources */,
				A909007C280566C900089CCA /* SignupPassword.storyboard in Resources */,
				A90900782805668600089CCA /* SignupName.storyboard in Resources */,
				A90900762805667A00089CCA /* Main.storyboard in Resources */,
				A97D30552817EEBA00C1D7D0 /* FeedTableViewCell.xib in Resources */,
			);
			runOnlyForDeploymentPostprocessing = 0;
		};
/* End PBXResourcesBuildPhase section */

/* Begin PBXSourcesBuildPhase section */
		A932743327FFE175001B0EDB /* Sources */ = {
			isa = PBXSourcesBuildPhase;
			buildActionMask = 2147483647;
			files = (
				A932743F27FFE175001B0EDB /* LoginViewController.swift in Sources */,
				A97D303D2817882800C1D7D0 /* Image.swift in Sources */,
				A97D30582817EED200C1D7D0 /* StoryCollectionViewCell.swift in Sources */,
				A90900CE280AFB2B00089CCA /* ViewController++.swift in Sources */,
				A90900C0280AC6CC00089CCA /* SearchViewController.swift in Sources */,
				A932743B27FFE175001B0EDB /* AppDelegate.swift in Sources */,
				A90900C8280ACD8B00089CCA /* TabBarController.swift in Sources */,
				A932743D27FFE175001B0EDB /* SceneDelegate.swift in Sources */,
				A90900C6280AC6DD00089CCA /* ProfileViewController.swift in Sources */,
				A90900C4280AC6D700089CCA /* ShopViewController.swift in Sources */,
				A97D30502817EAC000C1D7D0 /* FeedDataModel.swift in Sources */,
				A9090080280595CA00089CCA /* ViewController.swift in Sources */,
				A932745727FFFB1D001B0EDB /* SignupPasswordViewController.swift in Sources */,
				A90900BE280AC6C500089CCA /* HomeViewController.swift in Sources */,
				A909007E280595C200089CCA /* Storyboard.swift in Sources */,
				A932745927FFFB27001B0EDB /* SuccessViewController.swift in Sources */,
				A932745527FFFB0C001B0EDB /* SignupNameViewController.swift in Sources */,
				A97D30542817EEBA00C1D7D0 /* FeedTableViewCell.swift in Sources */,
				A90900C2280AC6D200089CCA /* ReelsViewController.swift in Sources */,
				A90900CA280AEF8600089CCA /* Icon.swift in Sources */,
				A90900722805643E00089CCA /* Const.swift in Sources */,
				A97D304D2817EAA900C1D7D0 /* StoryDataModel.swift in Sources */,
			);
			runOnlyForDeploymentPostprocessing = 0;
		};
/* End PBXSourcesBuildPhase section */

/* Begin PBXVariantGroup section */
		A932744527FFE176001B0EDB /* LaunchScreen.storyboard */ = {
			isa = PBXVariantGroup;
			children = (
				A932744627FFE176001B0EDB /* Base */,
			);
			name = LaunchScreen.storyboard;
			sourceTree = "<group>";
		};
/* End PBXVariantGroup section */

/* Begin XCBuildConfiguration section */
		A932744927FFE176001B0EDB /* Debug */ = {
			isa = XCBuildConfiguration;
			buildSettings = {
				ALWAYS_SEARCH_USER_PATHS = NO;
				CLANG_ANALYZER_NONNULL = YES;
				CLANG_ANALYZER_NUMBER_OBJECT_CONVERSION = YES_AGGRESSIVE;
				CLANG_CXX_LANGUAGE_STANDARD = "gnu++17";
				CLANG_ENABLE_MODULES = YES;
				CLANG_ENABLE_OBJC_ARC = YES;
				CLANG_ENABLE_OBJC_WEAK = YES;
				CLANG_WARN_BLOCK_CAPTURE_AUTORELEASING = YES;
				CLANG_WARN_BOOL_CONVERSION = YES;
				CLANG_WARN_COMMA = YES;
				CLANG_WARN_CONSTANT_CONVERSION = YES;
				CLANG_WARN_DEPRECATED_OBJC_IMPLEMENTATIONS = YES;
				CLANG_WARN_DIRECT_OBJC_ISA_USAGE = YES_ERROR;
				CLANG_WARN_DOCUMENTATION_COMMENTS = YES;
				CLANG_WARN_EMPTY_BODY = YES;
				CLANG_WARN_ENUM_CONVERSION = YES;
				CLANG_WARN_INFINITE_RECURSION = YES;
				CLANG_WARN_INT_CONVERSION = YES;
				CLANG_WARN_NON_LITERAL_NULL_CONVERSION = YES;
				CLANG_WARN_OBJC_IMPLICIT_RETAIN_SELF = YES;
				CLANG_WARN_OBJC_LITERAL_CONVERSION = YES;
				CLANG_WARN_OBJC_ROOT_CLASS = YES_ERROR;
				CLANG_WARN_QUOTED_INCLUDE_IN_FRAMEWORK_HEADER = YES;
				CLANG_WARN_RANGE_LOOP_ANALYSIS = YES;
				CLANG_WARN_STRICT_PROTOTYPES = YES;
				CLANG_WARN_SUSPICIOUS_MOVE = YES;
				CLANG_WARN_UNGUARDED_AVAILABILITY = YES_AGGRESSIVE;
				CLANG_WARN_UNREACHABLE_CODE = YES;
				CLANG_WARN__DUPLICATE_METHOD_MATCH = YES;
				COPY_PHASE_STRIP = NO;
				DEBUG_INFORMATION_FORMAT = dwarf;
				ENABLE_STRICT_OBJC_MSGSEND = YES;
				ENABLE_TESTABILITY = YES;
				GCC_C_LANGUAGE_STANDARD = gnu11;
				GCC_DYNAMIC_NO_PIC = NO;
				GCC_NO_COMMON_BLOCKS = YES;
				GCC_OPTIMIZATION_LEVEL = 0;
				GCC_PREPROCESSOR_DEFINITIONS = (
					"DEBUG=1",
					"$(inherited)",
				);
				GCC_WARN_64_TO_32_BIT_CONVERSION = YES;
				GCC_WARN_ABOUT_RETURN_TYPE = YES_ERROR;
				GCC_WARN_UNDECLARED_SELECTOR = YES;
				GCC_WARN_UNINITIALIZED_AUTOS = YES_AGGRESSIVE;
				GCC_WARN_UNUSED_FUNCTION = YES;
				GCC_WARN_UNUSED_VARIABLE = YES;
				IPHONEOS_DEPLOYMENT_TARGET = 15.4;
				MTL_ENABLE_DEBUG_INFO = INCLUDE_SOURCE;
				MTL_FAST_MATH = YES;
				ONLY_ACTIVE_ARCH = YES;
				SDKROOT = iphoneos;
				SWIFT_ACTIVE_COMPILATION_CONDITIONS = DEBUG;
				SWIFT_OPTIMIZATION_LEVEL = "-Onone";
			};
			name = Debug;
		};
		A932744A27FFE176001B0EDB /* Release */ = {
			isa = XCBuildConfiguration;
			buildSettings = {
				ALWAYS_SEARCH_USER_PATHS = NO;
				CLANG_ANALYZER_NONNULL = YES;
				CLANG_ANALYZER_NUMBER_OBJECT_CONVERSION = YES_AGGRESSIVE;
				CLANG_CXX_LANGUAGE_STANDARD = "gnu++17";
				CLANG_ENABLE_MODULES = YES;
				CLANG_ENABLE_OBJC_ARC = YES;
				CLANG_ENABLE_OBJC_WEAK = YES;
				CLANG_WARN_BLOCK_CAPTURE_AUTORELEASING = YES;
				CLANG_WARN_BOOL_CONVERSION = YES;
				CLANG_WARN_COMMA = YES;
				CLANG_WARN_CONSTANT_CONVERSION = YES;
				CLANG_WARN_DEPRECATED_OBJC_IMPLEMENTATIONS = YES;
				CLANG_WARN_DIRECT_OBJC_ISA_USAGE = YES_ERROR;
				CLANG_WARN_DOCUMENTATION_COMMENTS = YES;
				CLANG_WARN_EMPTY_BODY = YES;
				CLANG_WARN_ENUM_CONVERSION = YES;
				CLANG_WARN_INFINITE_RECURSION = YES;
				CLANG_WARN_INT_CONVERSION = YES;
				CLANG_WARN_NON_LITERAL_NULL_CONVERSION = YES;
				CLANG_WARN_OBJC_IMPLICIT_RETAIN_SELF = YES;
				CLANG_WARN_OBJC_LITERAL_CONVERSION = YES;
				CLANG_WARN_OBJC_ROOT_CLASS = YES_ERROR;
				CLANG_WARN_QUOTED_INCLUDE_IN_FRAMEWORK_HEADER = YES;
				CLANG_WARN_RANGE_LOOP_ANALYSIS = YES;
				CLANG_WARN_STRICT_PROTOTYPES = YES;
				CLANG_WARN_SUSPICIOUS_MOVE = YES;
				CLANG_WARN_UNGUARDED_AVAILABILITY = YES_AGGRESSIVE;
				CLANG_WARN_UNREACHABLE_CODE = YES;
				CLANG_WARN__DUPLICATE_METHOD_MATCH = YES;
				COPY_PHASE_STRIP = NO;
				DEBUG_INFORMATION_FORMAT = "dwarf-with-dsym";
				ENABLE_NS_ASSERTIONS = NO;
				ENABLE_STRICT_OBJC_MSGSEND = YES;
				GCC_C_LANGUAGE_STANDARD = gnu11;
				GCC_NO_COMMON_BLOCKS = YES;
				GCC_WARN_64_TO_32_BIT_CONVERSION = YES;
				GCC_WARN_ABOUT_RETURN_TYPE = YES_ERROR;
				GCC_WARN_UNDECLARED_SELECTOR = YES;
				GCC_WARN_UNINITIALIZED_AUTOS = YES_AGGRESSIVE;
				GCC_WARN_UNUSED_FUNCTION = YES;
				GCC_WARN_UNUSED_VARIABLE = YES;
				IPHONEOS_DEPLOYMENT_TARGET = 15.4;
				MTL_ENABLE_DEBUG_INFO = NO;
				MTL_FAST_MATH = YES;
				SDKROOT = iphoneos;
				SWIFT_COMPILATION_MODE = wholemodule;
				SWIFT_OPTIMIZATION_LEVEL = "-O";
				VALIDATE_PRODUCT = YES;
			};
			name = Release;
		};
		A932744C27FFE176001B0EDB /* Debug */ = {
			isa = XCBuildConfiguration;
			buildSettings = {
				ASSETCATALOG_COMPILER_APPICON_NAME = AppIcon;
				ASSETCATALOG_COMPILER_GLOBAL_ACCENT_COLOR_NAME = AccentColor;
				CODE_SIGN_STYLE = Automatic;
				CURRENT_PROJECT_VERSION = 1;
				GENERATE_INFOPLIST_FILE = YES;
				INFOPLIST_FILE = Instagram/Info.plist;
				INFOPLIST_KEY_UIApplicationSupportsIndirectInputEvents = YES;
				INFOPLIST_KEY_UILaunchStoryboardName = LaunchScreen;
				INFOPLIST_KEY_UIMainStoryboardFile = Main;
				INFOPLIST_KEY_UISupportedInterfaceOrientations_iPad = "UIInterfaceOrientationPortrait UIInterfaceOrientationPortraitUpsideDown UIInterfaceOrientationLandscapeLeft UIInterfaceOrientationLandscapeRight";
				INFOPLIST_KEY_UISupportedInterfaceOrientations_iPhone = "UIInterfaceOrientationPortrait UIInterfaceOrientationLandscapeLeft UIInterfaceOrientationLandscapeRight";
				LD_RUNPATH_SEARCH_PATHS = (
					"$(inherited)",
					"@executable_path/Frameworks",
				);
				MARKETING_VERSION = 1.0;
				PRODUCT_BUNDLE_IDENTIFIER = com.0inn.Instagram;
				PRODUCT_NAME = "$(TARGET_NAME)";
				SWIFT_EMIT_LOC_STRINGS = YES;
				SWIFT_VERSION = 5.0;
				TARGETED_DEVICE_FAMILY = "1,2";
			};
			name = Debug;
		};
		A932744D27FFE176001B0EDB /* Release */ = {
			isa = XCBuildConfiguration;
			buildSettings = {
				ASSETCATALOG_COMPILER_APPICON_NAME = AppIcon;
				ASSETCATALOG_COMPILER_GLOBAL_ACCENT_COLOR_NAME = AccentColor;
				CODE_SIGN_STYLE = Automatic;
				CURRENT_PROJECT_VERSION = 1;
				GENERATE_INFOPLIST_FILE = YES;
				INFOPLIST_FILE = Instagram/Info.plist;
				INFOPLIST_KEY_UIApplicationSupportsIndirectInputEvents = YES;
				INFOPLIST_KEY_UILaunchStoryboardName = LaunchScreen;
				INFOPLIST_KEY_UIMainStoryboardFile = Main;
				INFOPLIST_KEY_UISupportedInterfaceOrientations_iPad = "UIInterfaceOrientationPortrait UIInterfaceOrientationPortraitUpsideDown UIInterfaceOrientationLandscapeLeft UIInterfaceOrientationLandscapeRight";
				INFOPLIST_KEY_UISupportedInterfaceOrientations_iPhone = "UIInterfaceOrientationPortrait UIInterfaceOrientationLandscapeLeft UIInterfaceOrientationLandscapeRight";
				LD_RUNPATH_SEARCH_PATHS = (
					"$(inherited)",
					"@executable_path/Frameworks",
				);
				MARKETING_VERSION = 1.0;
				PRODUCT_BUNDLE_IDENTIFIER = com.0inn.Instagram;
				PRODUCT_NAME = "$(TARGET_NAME)";
				SWIFT_EMIT_LOC_STRINGS = YES;
				SWIFT_VERSION = 5.0;
				TARGETED_DEVICE_FAMILY = "1,2";
			};
			name = Release;
		};
/* End XCBuildConfiguration section */

/* Begin XCConfigurationList section */
		A932743227FFE175001B0EDB /* Build configuration list for PBXProject "Instagram" */ = {
			isa = XCConfigurationList;
			buildConfigurations = (
				A932744927FFE176001B0EDB /* Debug */,
				A932744A27FFE176001B0EDB /* Release */,
			);
			defaultConfigurationIsVisible = 0;
			defaultConfigurationName = Release;
		};
		A932744B27FFE176001B0EDB /* Build configuration list for PBXNativeTarget "Instagram" */ = {
			isa = XCConfigurationList;
			buildConfigurations = (
				A932744C27FFE176001B0EDB /* Debug */,
				A932744D27FFE176001B0EDB /* Release */,
			);
			defaultConfigurationIsVisible = 0;
			defaultConfigurationName = Release;
		};
/* End XCConfigurationList section */
	};
	rootObject = A932742F27FFE175001B0EDB /* Project object */;
}
